github.com/nginxinc/nginx-hugo-theme/v2 v2.0.0 h1:Kgh/zeBP7vgPyXowPL2v9MTlRs0CDe31G+bvp7WbH34=
github.com/nginxinc/nginx-hugo-theme/v2 v2.0.0/go.mod h1:TAmEMc0T/RKTQ0pI4LROWoUmyLXstrRmM2jE2ErdxWY=
github.com/nginxinc/nginx-hugo-theme/v2 v2.0.1 h1:u8TJJunVSmcI38o4E7403drecrzF6jpehuubcyX3qU0=
github.com/nginxinc/nginx-hugo-theme/v2 v2.0.1/go.mod h1:TAmEMc0T/RKTQ0pI4LROWoUmyLXstrRmM2jE2ErdxWY=
