github.com/nginxinc/nginx-hugo-theme v1.0.0 h1:ufoXHaOcFUMAl6DSFgSeU+FKM5Oz+KCgxjPNhDJywu4=
github.com/nginxinc/nginx-hugo-theme v1.0.0/go.mod h1:DPNgSS5QYxkjH/BfH4uPDiTfODqWJ50NKZdorguom8M=
github.com/nginxinc/nginx-hugo-theme v1.0.1 h1:Euq9k7mQHiC+KVC7RMhiZIvURksmRCk9Ygyr2s+DstI=
github.com/nginxinc/nginx-hugo-theme v1.0.1/go.mod h1:DPNgSS5QYxkjH/BfH4uPDiTfODqWJ50NKZdorguom8M=
github.com/nginxinc/nginx-hugo-theme v1.0.2 h1:Yj8+znpTSJN0q4EIJZuVnQQtNOkomlLIUwejjYXclMw=
github.com/nginxinc/nginx-hugo-theme v1.0.2/go.mod h1:DPNgSS5QYxkjH/BfH4uPDiTfODqWJ50NKZdorguom8M=
github.com/nginxinc/nginx-hugo-theme v1.0.3 h1:W4b+9VenCpHaVw9YI4QFDew5brkx5ZNehQOipK3RB+U=
github.com/nginxinc/nginx-hugo-theme v1.0.3/go.mod h1:DPNgSS5QYxkjH/BfH4uPDiTfODqWJ50NKZdorguom8M=
github.com/nginxinc/nginx-hugo-theme v1.0.4 h1:hcTG1uByGOZV1g5YSIs3tiNLpnszn+k2U4TAwLeKAfE=
github.com/nginxinc/nginx-hugo-theme v1.0.4/go.mod h1:DPNgSS5QYxkjH/BfH4uPDiTfODqWJ50NKZdorguom8M=
github.com/nginxinc/nginx-hugo-theme v1.0.5 h1:Tj2fF8jUiQFTVsa+b3kP2hQRjnFYZUMBXRvmxfWc/tg=
github.com/nginxinc/nginx-hugo-theme v1.0.5/go.mod h1:DPNgSS5QYxkjH/BfH4uPDiTfODqWJ50NKZdorguom8M=
github.com/nginxinc/nginx-hugo-theme v1.0.6 h1:XH7bzUl/dzGCoO9HcTX9tCU4CMate+50FIURE3soX8I=
github.com/nginxinc/nginx-hugo-theme v1.0.6/go.mod h1:DPNgSS5QYxkjH/BfH4uPDiTfODqWJ50NKZdorguom8M=
github.com/nginxinc/nginx-hugo-theme v1.0.7 h1:t0FMpGUn7DRch/WgnupHT2yOXa11lSyYiAY1lDHLKps=
github.com/nginxinc/nginx-hugo-theme v1.0.7/go.mod h1:DPNgSS5QYxkjH/BfH4uPDiTfODqWJ50NKZdorguom8M=
